
Microsoft Visual Studio Solution File, Format Version 12.00
# Visual Studio Version 17
VisualStudioVersion = 17.0.31903.59
MinimumVisualStudioVersion = 10.0.40219.1
Project("{9A19103F-16F7-4668-BE54-9A1E7A4F7556}") = "Algorithms-CSharp", "Algorithms-CSharp\Algorithms-CSharp.csproj", "{9939626A-E2E2-4109-B5DD-1BD5B1137712}"
EndProject
Project("{9A19103F-16F7-4668-BE54-9A1E7A4F7556}") = "Algorithms-DataStruct-Lib", "Algorithms-DataStruct-Lib\Algorithms-DataStruct-Lib.csproj", "{A0760527-ACEB-4DF1-9E9A-A937D0B1BFC2}"
EndProject
Project("{FAE04EC0-301F-11D3-BF4B-00C04F79EFBC}") = "Algorithms-DataStruct-Lib.Tests", "Algorithms-DataStruct-Lib.Tests\Algorithms-DataStruct-Lib.Tests.csproj", "{847712E8-6AE3-4801-BF76-B7A13C1ABCC8}"
EndProject
Global
	GlobalSection(SolutionConfigurationPlatforms) = preSolution
		Debug|Any CPU = Debug|Any CPU
		Release|Any CPU = Release|Any CPU
	EndGlobalSection
	GlobalSection(ProjectConfigurationPlatforms) = postSolution
		{9939626A-E2E2-4109-B5DD-1BD5B1137712}.Debug|Any CPU.ActiveCfg = Debug|Any CPU
		{9939626A-E2E2-4109-B5DD-1BD5B1137712}.Debug|Any CPU.Build.0 = Debug|Any CPU
		{9939626A-E2E2-4109-B5DD-1BD5B1137712}.Release|Any CPU.ActiveCfg = Release|Any CPU
		{9939626A-E2E2-4109-B5DD-1BD5B1137712}.Release|Any CPU.Build.0 = Release|Any CPU
		{A0760527-ACEB-4DF1-9E9A-A937D0B1BFC2}.Debug|Any CPU.ActiveCfg = Debug|Any CPU
		{A0760527-ACEB-4DF1-9E9A-A937D0B1BFC2}.Debug|Any CPU.Build.0 = Debug|Any CPU
		{A0760527-ACEB-4DF1-9E9A-A937D0B1BFC2}.Release|Any CPU.ActiveCfg = Release|Any CPU
		{A0760527-ACEB-4DF1-9E9A-A937D0B1BFC2}.Release|Any CPU.Build.0 = Release|Any CPU
		{847712E8-6AE3-4801-BF76-B7A13C1ABCC8}.Debug|Any CPU.ActiveCfg = Debug|Any CPU
		{847712E8-6AE3-4801-BF76-B7A13C1ABCC8}.Debug|Any CPU.Build.0 = Debug|Any CPU
		{847712E8-6AE3-4801-BF76-B7A13C1ABCC8}.Release|Any CPU.ActiveCfg = Release|Any CPU
		{847712E8-6AE3-4801-BF76-B7A13C1ABCC8}.Release|Any CPU.Build.0 = Release|Any CPU
	EndGlobalSection
	GlobalSection(SolutionProperties) = preSolution
		HideSolutionNode = FALSE
	EndGlobalSection
	GlobalSection(ExtensibilityGlobals) = postSolution
		SolutionGuid = {6ECCA7C7-B533-4998-9B87-EA89A74611EC}
	EndGlobalSection
EndGlobal
